
Microsoft Visual Studio Solution File, Format Version 12.00
# Visual Studio Version 17
VisualStudioVersion = 17.4.33213.308
MinimumVisualStudioVersion = 10.0.40219.1
Project("{2150E333-8FDC-42A3-9474-1A3956D46DE8}") = "Entities", "Entities", "{0F0BA3E4-5C20-4983-A99D-2587A8AF876C}"
EndProject
Project("{2150E333-8FDC-42A3-9474-1A3956D46DE8}") = "UseCases", "UseCases", "{6D7571BD-CB9D-4287-96AB-600439EE4ABF}"
EndProject
Project("{2150E333-8FDC-42A3-9474-1A3956D46DE8}") = "Frameworks", "Frameworks", "{7B509524-59C5-485C-BEB9-37924305157A}"
EndProject
Project("{2150E333-8FDC-42A3-9474-1A3956D46DE8}") = "Tests", "Tests", "{B81D4165-D317-4402-AD17-C17B201F478E}"
EndProject
Project("{FAE04EC0-301F-11D3-BF4B-00C04F79EFBC}") = "SportLookup.Backend.Entites", "Entities\SportLookup.Backend.Entites\SportLookup.Backend.Entites.csproj", "{EC22751C-FAD9-4388-827B-91D6060A01B2}"
EndProject
Project("{FAE04EC0-301F-11D3-BF4B-00C04F79EFBC}") = "SportLookup.Backend.Tests.Unit", "Tests\SportLookup.Backend.Tests.UnitTests\SportLookup.Backend.Tests.Unit.csproj", "{E0A429E3-E23B-4001-955A-0F531667572F}"
EndProject
Project("{FAE04EC0-301F-11D3-BF4B-00C04F79EFBC}") = "SportLookup.Backend.WebApi", "Frameworks\SportLookup.Backend.WebApi\SportLookup.Backend.WebApi.csproj", "{9F1D91F4-6642-4D77-92AE-D8B8EE9163EE}"
EndProject
Project("{FAE04EC0-301F-11D3-BF4B-00C04F79EFBC}") = "SportLookup.Backend.DataAccess.PostgreSQL", "Frameworks\SportLookup.Backend.DataAccess.PostgreSQL\SportLookup.Backend.DataAccess.PostgreSQL.csproj", "{560DB8A8-9E9E-43BF-8037-7F527BD10B59}"
EndProject
Project("{FAE04EC0-301F-11D3-BF4B-00C04F79EFBC}") = "SportLookup.Backend.Infrastructure.Interfaces", "UseCases\SportLookup.Backend.Infrastructure.Interfaces\SportLookup.Backend.Infrastructure.Interfaces.csproj", "{2FAEFAA8-D7EF-48A7-AF72-0B3611B0A7D6}"
EndProject
Project("{FAE04EC0-301F-11D3-BF4B-00C04F79EFBC}") = "SportLookup.Backend.UseCases", "UseCases\SportLookup.Backend.UseCases\SportLookup.Backend.UseCases.csproj", "{939299E1-D8E7-41A7-8378-7910C78EE649}"
EndProject
Global
	GlobalSection(SolutionConfigurationPlatforms) = preSolution
		Debug|Any CPU = Debug|Any CPU
		Release|Any CPU = Release|Any CPU
	EndGlobalSection
	GlobalSection(ProjectConfigurationPlatforms) = postSolution
		{EC22751C-FAD9-4388-827B-91D6060A01B2}.Debug|Any CPU.ActiveCfg = Debug|Any CPU
		{EC22751C-FAD9-4388-827B-91D6060A01B2}.Debug|Any CPU.Build.0 = Debug|Any CPU
		{EC22751C-FAD9-4388-827B-91D6060A01B2}.Release|Any CPU.ActiveCfg = Release|Any CPU
		{EC22751C-FAD9-4388-827B-91D6060A01B2}.Release|Any CPU.Build.0 = Release|Any CPU
		{E0A429E3-E23B-4001-955A-0F531667572F}.Debug|Any CPU.ActiveCfg = Debug|Any CPU
		{E0A429E3-E23B-4001-955A-0F531667572F}.Debug|Any CPU.Build.0 = Debug|Any CPU
		{E0A429E3-E23B-4001-955A-0F531667572F}.Release|Any CPU.ActiveCfg = Release|Any CPU
		{E0A429E3-E23B-4001-955A-0F531667572F}.Release|Any CPU.Build.0 = Release|Any CPU
		{9F1D91F4-6642-4D77-92AE-D8B8EE9163EE}.Debug|Any CPU.ActiveCfg = Debug|Any CPU
		{9F1D91F4-6642-4D77-92AE-D8B8EE9163EE}.Debug|Any CPU.Build.0 = Debug|Any CPU
		{9F1D91F4-6642-4D77-92AE-D8B8EE9163EE}.Release|Any CPU.ActiveCfg = Release|Any CPU
		{9F1D91F4-6642-4D77-92AE-D8B8EE9163EE}.Release|Any CPU.Build.0 = Release|Any CPU
		{560DB8A8-9E9E-43BF-8037-7F527BD10B59}.Debug|Any CPU.ActiveCfg = Debug|Any CPU
		{560DB8A8-9E9E-43BF-8037-7F527BD10B59}.Debug|Any CPU.Build.0 = Debug|Any CPU
		{560DB8A8-9E9E-43BF-8037-7F527BD10B59}.Release|Any CPU.ActiveCfg = Release|Any CPU
		{560DB8A8-9E9E-43BF-8037-7F527BD10B59}.Release|Any CPU.Build.0 = Release|Any CPU
		{2FAEFAA8-D7EF-48A7-AF72-0B3611B0A7D6}.Debug|Any CPU.ActiveCfg = Debug|Any CPU
		{2FAEFAA8-D7EF-48A7-AF72-0B3611B0A7D6}.Debug|Any CPU.Build.0 = Debug|Any CPU
		{2FAEFAA8-D7EF-48A7-AF72-0B3611B0A7D6}.Release|Any CPU.ActiveCfg = Release|Any CPU
		{2FAEFAA8-D7EF-48A7-AF72-0B3611B0A7D6}.Release|Any CPU.Build.0 = Release|Any CPU
		{939299E1-D8E7-41A7-8378-7910C78EE649}.Debug|Any CPU.ActiveCfg = Debug|Any CPU
		{939299E1-D8E7-41A7-8378-7910C78EE649}.Debug|Any CPU.Build.0 = Debug|Any CPU
		{939299E1-D8E7-41A7-8378-7910C78EE649}.Release|Any CPU.ActiveCfg = Release|Any CPU
		{939299E1-D8E7-41A7-8378-7910C78EE649}.Release|Any CPU.Build.0 = Release|Any CPU
	EndGlobalSection
	GlobalSection(SolutionProperties) = preSolution
		HideSolutionNode = FALSE
	EndGlobalSection
	GlobalSection(NestedProjects) = preSolution
		{EC22751C-FAD9-4388-827B-91D6060A01B2} = {0F0BA3E4-5C20-4983-A99D-2587A8AF876C}
		{E0A429E3-E23B-4001-955A-0F531667572F} = {B81D4165-D317-4402-AD17-C17B201F478E}
		{9F1D91F4-6642-4D77-92AE-D8B8EE9163EE} = {7B509524-59C5-485C-BEB9-37924305157A}
		{560DB8A8-9E9E-43BF-8037-7F527BD10B59} = {7B509524-59C5-485C-BEB9-37924305157A}
		{2FAEFAA8-D7EF-48A7-AF72-0B3611B0A7D6} = {6D7571BD-CB9D-4287-96AB-600439EE4ABF}
		{939299E1-D8E7-41A7-8378-7910C78EE649} = {6D7571BD-CB9D-4287-96AB-600439EE4ABF}
	EndGlobalSection
	GlobalSection(ExtensibilityGlobals) = postSolution
		SolutionGuid = {655CB966-A51C-4A45-B6AE-310EBFD7AD6F}
	EndGlobalSection
EndGlobal
